
Microsoft Visual Studio Solution File, Format Version 12.00
Project("{FAE04EC0-301F-11D3-BF4B-00C04F79EFBC}") = "Module1.Api", "Module1\Module1.Api\Module1.Api.csproj", "{82A873A2-8A37-4862-8ACB-0591FF1FAD1D}"
EndProject
Project("{FAE04EC0-301F-11D3-BF4B-00C04F79EFBC}") = "Module2.Api", "Module2\Module2.Api\Module2.Api.csproj", "{673B7171-9F47-4ACF-BF30-2A5E59D2EB09}"
EndProject
Project("{FAE04EC0-301F-11D3-BF4B-00C04F79EFBC}") = "Bootloader", "Bootloader\Bootloader\Bootloader.csproj", "{B7E32073-5EC4-4E33-AC49-3A1EB6F09CAC}"
EndProject
Project("{FAE04EC0-301F-11D3-BF4B-00C04F79EFBC}") = "Bootloader.Contracts", "Bootloader\Bootloader.Contracts\Bootloader.Contracts.csproj", "{54557EB8-6FE8-4607-9BFD-3B002EE111B0}"
EndProject
Project("{2150E333-8FDC-42A3-9474-1A3956D46DE8}") = "Bootloader", "Bootloader", "{679AB8EC-5A10-4209-A67C-10D804A09C0F}"
EndProject
Project("{2150E333-8FDC-42A3-9474-1A3956D46DE8}") = "Module1", "Module1", "{C448A1B5-17F4-458E-B5E3-E1CA1DBF0E74}"
EndProject
Project("{2150E333-8FDC-42A3-9474-1A3956D46DE8}") = "Module2", "Module2", "{3DC28373-9C35-4A37-8B24-C01244792180}"
EndProject
Project("{FAE04EC0-301F-11D3-BF4B-00C04F79EFBC}") = "Module1.Client", "Module1\Module1.Client\Module1.Client.csproj", "{5C78AEFD-E72C-41B8-939A-AB88E5CC97F3}"
EndProject
Project("{FAE04EC0-301F-11D3-BF4B-00C04F79EFBC}") = "Module1.DataContracts", "Module1\Module1.DataContracts\Module1.DataContracts.csproj", "{A78AECD9-EC25-40A5-ABD4-225186239C6E}"
EndProject
Project("{FAE04EC0-301F-11D3-BF4B-00C04F79EFBC}") = "Bootloader.AspNet.Extensions", "Bootloader\Bootloader.AspNet.Extensions\Bootloader.AspNet.Extensions.csproj", "{C26A4DF4-8C0C-4F70-B91D-68A3618AE70E}"
EndProject
Global
	GlobalSection(SolutionConfigurationPlatforms) = preSolution
		Debug|Any CPU = Debug|Any CPU
		Release|Any CPU = Release|Any CPU
	EndGlobalSection
	GlobalSection(ProjectConfigurationPlatforms) = postSolution
		{82A873A2-8A37-4862-8ACB-0591FF1FAD1D}.Debug|Any CPU.ActiveCfg = Debug|Any CPU
		{82A873A2-8A37-4862-8ACB-0591FF1FAD1D}.Debug|Any CPU.Build.0 = Debug|Any CPU
		{82A873A2-8A37-4862-8ACB-0591FF1FAD1D}.Release|Any CPU.ActiveCfg = Release|Any CPU
		{82A873A2-8A37-4862-8ACB-0591FF1FAD1D}.Release|Any CPU.Build.0 = Release|Any CPU
		{673B7171-9F47-4ACF-BF30-2A5E59D2EB09}.Debug|Any CPU.ActiveCfg = Debug|Any CPU
		{673B7171-9F47-4ACF-BF30-2A5E59D2EB09}.Debug|Any CPU.Build.0 = Debug|Any CPU
		{673B7171-9F47-4ACF-BF30-2A5E59D2EB09}.Release|Any CPU.ActiveCfg = Release|Any CPU
		{673B7171-9F47-4ACF-BF30-2A5E59D2EB09}.Release|Any CPU.Build.0 = Release|Any CPU
		{B7E32073-5EC4-4E33-AC49-3A1EB6F09CAC}.Debug|Any CPU.ActiveCfg = Debug|Any CPU
		{B7E32073-5EC4-4E33-AC49-3A1EB6F09CAC}.Debug|Any CPU.Build.0 = Debug|Any CPU
		{B7E32073-5EC4-4E33-AC49-3A1EB6F09CAC}.Release|Any CPU.ActiveCfg = Release|Any CPU
		{B7E32073-5EC4-4E33-AC49-3A1EB6F09CAC}.Release|Any CPU.Build.0 = Release|Any CPU
		{54557EB8-6FE8-4607-9BFD-3B002EE111B0}.Debug|Any CPU.ActiveCfg = Debug|Any CPU
		{54557EB8-6FE8-4607-9BFD-3B002EE111B0}.Debug|Any CPU.Build.0 = Debug|Any CPU
		{54557EB8-6FE8-4607-9BFD-3B002EE111B0}.Release|Any CPU.ActiveCfg = Release|Any CPU
		{54557EB8-6FE8-4607-9BFD-3B002EE111B0}.Release|Any CPU.Build.0 = Release|Any CPU
		{5C78AEFD-E72C-41B8-939A-AB88E5CC97F3}.Debug|Any CPU.ActiveCfg = Debug|Any CPU
		{5C78AEFD-E72C-41B8-939A-AB88E5CC97F3}.Debug|Any CPU.Build.0 = Debug|Any CPU
		{5C78AEFD-E72C-41B8-939A-AB88E5CC97F3}.Release|Any CPU.ActiveCfg = Release|Any CPU
		{5C78AEFD-E72C-41B8-939A-AB88E5CC97F3}.Release|Any CPU.Build.0 = Release|Any CPU
		{A78AECD9-EC25-40A5-ABD4-225186239C6E}.Debug|Any CPU.ActiveCfg = Debug|Any CPU
		{A78AECD9-EC25-40A5-ABD4-225186239C6E}.Debug|Any CPU.Build.0 = Debug|Any CPU
		{A78AECD9-EC25-40A5-ABD4-225186239C6E}.Release|Any CPU.ActiveCfg = Release|Any CPU
		{A78AECD9-EC25-40A5-ABD4-225186239C6E}.Release|Any CPU.Build.0 = Release|Any CPU
		{C26A4DF4-8C0C-4F70-B91D-68A3618AE70E}.Debug|Any CPU.ActiveCfg = Debug|Any CPU
		{C26A4DF4-8C0C-4F70-B91D-68A3618AE70E}.Debug|Any CPU.Build.0 = Debug|Any CPU
		{C26A4DF4-8C0C-4F70-B91D-68A3618AE70E}.Release|Any CPU.ActiveCfg = Release|Any CPU
		{C26A4DF4-8C0C-4F70-B91D-68A3618AE70E}.Release|Any CPU.Build.0 = Release|Any CPU
	EndGlobalSection
	GlobalSection(NestedProjects) = preSolution
		{B7E32073-5EC4-4E33-AC49-3A1EB6F09CAC} = {679AB8EC-5A10-4209-A67C-10D804A09C0F}
		{54557EB8-6FE8-4607-9BFD-3B002EE111B0} = {679AB8EC-5A10-4209-A67C-10D804A09C0F}
		{82A873A2-8A37-4862-8ACB-0591FF1FAD1D} = {C448A1B5-17F4-458E-B5E3-E1CA1DBF0E74}
		{673B7171-9F47-4ACF-BF30-2A5E59D2EB09} = {3DC28373-9C35-4A37-8B24-C01244792180}
		{5C78AEFD-E72C-41B8-939A-AB88E5CC97F3} = {C448A1B5-17F4-458E-B5E3-E1CA1DBF0E74}
		{A78AECD9-EC25-40A5-ABD4-225186239C6E} = {C448A1B5-17F4-458E-B5E3-E1CA1DBF0E74}
		{C26A4DF4-8C0C-4F70-B91D-68A3618AE70E} = {679AB8EC-5A10-4209-A67C-10D804A09C0F}
	EndGlobalSection
EndGlobal
